{
  "version": 1,
  "dependencies": {
    "net10.0": {
      "coverlet.collector": {
        "type": "Direct",
        "requested": "[8.0.0, )",
        "resolved": "8.0.0",
        "contentHash": "EMkj/2F6n6IVPrvGYkqzGJs6phuGGkq6N+E7KW9rNyzNxXbwQ1KfMqWyXNf9nCNEQOA6IjFwmOLvkriwKE7Orw=="
      },
      "Microsoft.AspNetCore.Mvc.Testing": {
        "type": "Direct",
        "requested": "[10.0.5, )",
        "resolved": "10.0.5",
        "contentHash": "MfacYQ7jNzj6073YobyoFfXpNmGqrV1UCywTM339DOcYpfalcM4K4heFjV5k3dDkKkWOGWO/DV3hdmVRqFkIxA==",
        "dependencies": {
          "Microsoft.AspNetCore.TestHost": "10.0.5",
          "Microsoft.Extensions.DependencyModel": "10.0.5",
          "Microsoft.Extensions.Hosting": "10.0.5"
        }
      },
      "Microsoft.NET.Test.Sdk": {
        "type": "Direct",
        "requested": "[18.3.0, )",
        "resolved": "18.3.0",
        "contentHash": "xW3kXuWRQtgoxJp4J+gdhHSQyK+6Wb/AZDSd7lMvuMRYlZ1tnpkojyfZlWilB5G4dmZ0Y0ZxU/M23TlubndNkw==",
        "dependencies": {
          "Microsoft.CodeCoverage": "18.3.0",
          "Microsoft.TestPlatform.TestHost": "18.3.0"
        }
      },
      "xunit": {
        "type": "Direct",
        "requested": "[2.9.3, )",
        "resolved": "2.9.3",
        "contentHash": "TlXQBinK35LpOPKHAqbLY4xlEen9TBafjs0V5KnA4wZsoQLQJiirCR4CbIXvOH8NzkW4YeJKP5P/Bnrodm0h9Q==",
        "dependencies": {
          "xunit.analyzers": "1.18.0",
          "xunit.assert": "2.9.3",
          "xunit.core": "[2.9.3]"
        }
      },
      "xunit.runner.visualstudio": {
        "type": "Direct",
        "requested": "[3.1.5, )",
        "resolved": "3.1.5",
        "contentHash": "tKi7dSTwP4m5m9eXPM2Ime4Kn7xNf4x4zT9sdLO/G4hZVnQCRiMTWoSZqI/pYTVeI27oPPqHBKYI/DjJ9GsYgA=="
      },
      "contentful.aspnetcore": {
        "type": "Transitive",
        "resolved": "8.6.1",
        "contentHash": "KRZI3Xcu2jWPqm0APUjSXVxx+sHV+aF+p9bDWs8WLYxvEatflUM29UaXMt36zgprQuVfGgi2Tibd5chlbcf7cw==",
        "dependencies": {
          "Microsoft.AspNetCore.Http": "2.2.2",
          "Microsoft.AspNetCore.Http.Abstractions": "2.2.0",
          "Microsoft.AspNetCore.Mvc.Razor": "2.2.0",
          "Microsoft.AspNetCore.Razor": "2.2.0",
          "Microsoft.AspNetCore.Razor.Runtime": "2.2.0",
          "Microsoft.Extensions.DependencyInjection": "6.0.0",
          "Microsoft.Extensions.Http": "6.0.0",
          "Microsoft.Extensions.Options.ConfigurationExtensions": "6.0.0",
          "contentful.csharp": "8.6.1"
        }
      },
      "contentful.csharp": {
        "type": "Transitive",
        "resolved": "8.6.1",
        "contentHash": "eLcGup9fXCFFvl5jBtCpkKpUWf00KutG0yoQXpoPXs3C2y21K61p1+1o6D8RQsFksXhfnwuITTDL0KUaTwwZvg==",
        "dependencies": {
          "Newtonsoft.Json": "13.0.1"
        }
      },
      "GovUk.Frontend.AspNetCore": {
        "type": "Transitive",
        "resolved": "4.0.1",
        "contentHash": "71l078sfNeIP8IJQxysbYGtswpIvCxur7FvWwqfmsGIry8bLwkLcc+s9DYDFgwDC3xgB7tDK0NUS81NxA0apeg==",
        "dependencies": {
          "Microsoft.Extensions.FileProviders.Embedded": "8.0.25"
        }
      },
      "Microsoft.AspNetCore.Antiforgery": {
        "type": "Transitive",
        "resolved": "2.2.0",
        "contentHash": "fVQsSXNZz38Ysx8iKwwqfOLHhLrAeKEMBS5Ia3Lh7BJjOC2vPV28/yk08AovOMsB3SNQPGnE7bv+lsIBTmAkvw==",
        "dependencies": {
          "Microsoft.AspNetCore.DataProtection": "2.2.0",
          "Microsoft.AspNetCore.Http.Abstractions": "2.2.0",
          "Microsoft.AspNetCore.Http.Extensions": "2.2.0",
          "Microsoft.AspNetCore.WebUtilities": "2.2.0",
          "Microsoft.Extensions.ObjectPool": "2.2.0"
        }
      },
      "Microsoft.AspNetCore.Authentication.Abstractions": {
        "type": "Transitive",
        "resolved": "2.2.0",
        "contentHash": "VloMLDJMf3n/9ic5lCBOa42IBYJgyB1JhzLsL68Zqg+2bEPWfGBj/xCJy/LrKTArN0coOcZp3wyVTZlx0y9pHQ==",
        "dependencies": {
          "Microsoft.AspNetCore.Http.Abstractions": "2.2.0",
          "Microsoft.Extensions.Logging.Abstractions": "2.2.0",
          "Microsoft.Extensions.Options": "2.2.0"
        }
      },
      "Microsoft.AspNetCore.Authentication.Core": {
        "type": "Transitive",
        "resolved": "2.2.0",
        "contentHash": "XlVJzJ5wPOYW+Y0J6Q/LVTEyfS4ssLXmt60T0SPP+D8abVhBTl+cgw2gDHlyKYIkcJg7btMVh383NDkMVqD/fg==",
        "dependencies": {
          "Microsoft.AspNetCore.Authentication.Abstractions": "2.2.0",
          "Microsoft.AspNetCore.Http": "2.2.0",
          "Microsoft.AspNetCore.Http.Extensions": "2.2.0"
        }
      },
      "Microsoft.AspNetCore.Authorization": {
        "type": "Transitive",
        "resolved": "2.2.0",
        "contentHash": "/L0W8H3jMYWyaeA9gBJqS/tSWBegP9aaTM0mjRhxTttBY9z4RVDRYJ2CwPAmAXIuPr3r1sOw+CS8jFVRGHRezQ==",
        "dependencies": {
          "Microsoft.Extensions.Logging.Abstractions": "2.2.0",
          "Microsoft.Extensions.Options": "2.2.0"
        }
      },
      "Microsoft.AspNetCore.Authorization.Policy": {
        "type": "Transitive",
        "resolved": "2.2.0",
        "contentHash": "aJCo6niDRKuNg2uS2WMEmhJTooQUGARhV2ENQ2tO5443zVHUo19MSgrgGo9FIrfD+4yKPF8Q+FF33WkWfPbyKw==",
        "dependencies": {
          "Microsoft.AspNetCore.Authentication.Abstractions": "2.2.0",
          "Microsoft.AspNetCore.Authorization": "2.2.0"
        }
      },
      "Microsoft.AspNetCore.Cryptography.Internal": {
        "type": "Transitive",
        "resolved": "2.2.0",
        "contentHash": "GXmMD8/vuTLPLvKzKEPz/4vapC5e0cwx1tUVd83ePRyWF9CCrn/pg4/1I+tGkQqFLPvi3nlI2QtPtC6MQN8Nww=="
      },
      "Microsoft.AspNetCore.DataProtection": {
        "type": "Transitive",
        "resolved": "2.2.0",
        "contentHash": "G6dvu5Nd2vjpYbzazZ//qBFbSEf2wmBUbyAR7E4AwO3gWjhoJD5YxpThcGJb7oE3VUcW65SVMXT+cPCiiBg8Sg==",
        "dependencies": {
          "Microsoft.AspNetCore.Cryptography.Internal": "2.2.0",
          "Microsoft.AspNetCore.DataProtection.Abstractions": "2.2.0",
          "Microsoft.AspNetCore.Hosting.Abstractions": "2.2.0",
          "Microsoft.Extensions.DependencyInjection.Abstractions": "2.2.0",
          "Microsoft.Extensions.Logging.Abstractions": "2.2.0",
          "Microsoft.Extensions.Options": "2.2.0",
          "System.Security.Cryptography.Xml": "4.5.0"
        }
      },
      "Microsoft.AspNetCore.DataProtection.Abstractions": {
        "type": "Transitive",
        "resolved": "2.2.0",
        "contentHash": "seANFXmp8mb5Y12m1ShiElJ3ZdOT3mBN3wA1GPhHJIvZ/BxOCPyqEOR+810OWsxEZwA5r5fDRNpG/CqiJmQnJg=="
      },
      "Microsoft.AspNetCore.Diagnostics.Abstractions": {
        "type": "Transitive",
        "resolved": "2.2.0",
        "contentHash": "pva9ggfUDtnJIKzv0+wxwTX7LduDx6xLSpMqWwdOJkW52L0t31PI78+v+WqqMpUtMzcKug24jGs3nTFpAmA/2g=="
      },
      "Microsoft.AspNetCore.Hosting.Abstractions": {
        "type": "Transitive",
        "resolved": "2.2.0",
        "contentHash": "ubycklv+ZY7Kutdwuy1W4upWcZ6VFR8WUXU7l7B2+mvbDBBPAcfpi+E+Y5GFe+Q157YfA3C49D2GCjAZc7Mobw==",
        "dependencies": {
          "Microsoft.AspNetCore.Hosting.Server.Abstractions": "2.2.0",
          "Microsoft.AspNetCore.Http.Abstractions": "2.2.0",
          "Microsoft.Extensions.Hosting.Abstractions": "2.2.0"
        }
      },
      "Microsoft.AspNetCore.Hosting.Server.Abstractions": {
        "type": "Transitive",
        "resolved": "2.2.0",
        "contentHash": "1PMijw8RMtuQF60SsD/JlKtVfvh4NORAhF4wjysdABhlhTrYmtgssqyncR0Stq5vqtjplZcj6kbT4LRTglt9IQ==",
        "dependencies": {
          "Microsoft.AspNetCore.Http.Features": "2.2.0",
          "Microsoft.Extensions.Configuration.Abstractions": "2.2.0"
        }
      },
      "Microsoft.AspNetCore.Html.Abstractions": {
        "type": "Transitive",
        "resolved": "2.2.0",
        "contentHash": "Y4rs5aMEXY8G7wJo5S3EEt6ltqyOTr/qOeZzfn+hw/fuQj5GppGckMY5psGLETo1U9hcT5MmAhaT5xtusM1b5g=="
      },
      "Microsoft.AspNetCore.Http": {
        "type": "Transitive",
        "resolved": "2.2.2",
        "contentHash": "BAibpoItxI5puk7YJbIGj95arZueM8B8M5xT1fXBn3hb3L2G3ucrZcYXv1gXdaroLbntUs8qeV8iuBrpjQsrKw==",
        "dependencies": {
          "Microsoft.AspNetCore.Http.Abstractions": "2.2.0",
          "Microsoft.AspNetCore.WebUtilities": "2.2.0",
          "Microsoft.Extensions.ObjectPool": "2.2.0",
          "Microsoft.Extensions.Options": "2.2.0",
          "Microsoft.Net.Http.Headers": "2.2.0"
        }
      },
      "Microsoft.AspNetCore.Http.Abstractions": {
        "type": "Transitive",
        "resolved": "2.2.0",
        "contentHash": "Nxs7Z1q3f1STfLYKJSVXCs1iBl+Ya6E8o4Oy1bCxJ/rNI44E/0f6tbsrVqAWfB7jlnJfyaAtIalBVxPKUPQb4Q==",
        "dependencies": {
          "Microsoft.AspNetCore.Http.Features": "2.2.0"
        }
      },
      "Microsoft.AspNetCore.Http.Extensions": {
        "type": "Transitive",
        "resolved": "2.2.0",
        "contentHash": "2DgZ9rWrJtuR7RYiew01nGRzuQBDaGHGmK56Rk54vsLLsCdzuFUPqbDTJCS1qJQWTbmbIQ9wGIOjpxA1t0l7/w==",
        "dependencies": {
          "Microsoft.AspNetCore.Http.Abstractions": "2.2.0",
          "Microsoft.Extensions.FileProviders.Abstractions": "2.2.0",
          "Microsoft.Net.Http.Headers": "2.2.0"
        }
      },
      "Microsoft.AspNetCore.Http.Features": {
        "type": "Transitive",
        "resolved": "2.2.0",
        "contentHash": "ziFz5zH8f33En4dX81LW84I6XrYXKf9jg6aM39cM+LffN9KJahViKZ61dGMSO2gd3e+qe5yBRwsesvyqlZaSMg==",
        "dependencies": {
          "Microsoft.Extensions.Primitives": "2.2.0"
        }
      },
      "Microsoft.AspNetCore.JsonPatch": {
        "type": "Transitive",
        "resolved": "2.2.0",
        "contentHash": "o9BB9hftnCsyJalz9IT0DUFxz8Xvgh3TOfGWolpuf19duxB4FySq7c25XDYBmBMS+sun5/PsEUAi58ra4iJAoA==",
        "dependencies": {
          "Newtonsoft.Json": "11.0.2"
        }
      },
      "Microsoft.AspNetCore.Mvc.Abstractions": {
        "type": "Transitive",
        "resolved": "2.2.0",
        "contentHash": "ET6uZpfVbGR1NjCuLaLy197cQ3qZUjzl7EG5SL4GfJH/c9KRE89MMBrQegqWsh0w1iRUB/zQaK0anAjxa/pz4g==",
        "dependencies": {
          "Microsoft.AspNetCore.Routing.Abstractions": "2.2.0",
          "Microsoft.Net.Http.Headers": "2.2.0"
        }
      },
      "Microsoft.AspNetCore.Mvc.Core": {
        "type": "Transitive",
        "resolved": "2.2.0",
        "contentHash": "ALiY4a6BYsghw8PT5+VU593Kqp911U3w9f/dH9/ZoI3ezDsDAGiObqPu/HP1oXK80Ceu0XdQ3F0bx5AXBeuN/Q==",
        "dependencies": {
          "Microsoft.AspNetCore.Authentication.Core": "2.2.0",
          "Microsoft.AspNetCore.Authorization.Policy": "2.2.0",
          "Microsoft.AspNetCore.Hosting.Abstractions": "2.2.0",
          "Microsoft.AspNetCore.Http": "2.2.0",
          "Microsoft.AspNetCore.Http.Extensions": "2.2.0",
          "Microsoft.AspNetCore.Mvc.Abstractions": "2.2.0",
          "Microsoft.AspNetCore.ResponseCaching.Abstractions": "2.2.0",
          "Microsoft.AspNetCore.Routing": "2.2.0",
          "Microsoft.AspNetCore.Routing.Abstractions": "2.2.0",
          "Microsoft.Extensions.DependencyInjection": "2.2.0",
          "Microsoft.Extensions.DependencyModel": "2.1.0",
          "Microsoft.Extensions.FileProviders.Abstractions": "2.2.0",
          "Microsoft.Extensions.Logging.Abstractions": "2.2.0"
        }
      },
      "Microsoft.AspNetCore.Mvc.DataAnnotations": {
        "type": "Transitive",
        "resolved": "2.2.0",
        "contentHash": "WOw4SA3oT47aiU7ZjN/88j+b79YU6VftmHmxK29Km3PTI7WZdmw675QTcgWfsjEX4joCB82v7TvarO3D0oqOyw==",
        "dependencies": {
          "Microsoft.AspNetCore.Mvc.Core": "2.2.0",
          "Microsoft.Extensions.Localization": "2.2.0",
          "System.ComponentModel.Annotations": "4.5.0"
        }
      },
      "Microsoft.AspNetCore.Mvc.Formatters.Json": {
        "type": "Transitive",
        "resolved": "2.2.0",
        "contentHash": "ScWwXrkAvw6PekWUFkIr5qa9NKn4uZGRvxtt3DvtUrBYW5Iu2y4SS/vx79JN0XDHNYgAJ81nVs+4M7UE1Y/O+g==",
        "dependencies": {
          "Microsoft.AspNetCore.JsonPatch": "2.2.0",
          "Microsoft.AspNetCore.Mvc.Core": "2.2.0"
        }
      },
      "Microsoft.AspNetCore.Mvc.Razor": {
        "type": "Transitive",
        "resolved": "2.2.0",
        "contentHash": "TXvEOjp3r6qDEjmDtv3pXjQr/Zia9PpoGkl1MyTEqKqrUehBTpAdCjA8APXFwun19lH20OuyU+e4zDYv9g134w==",
        "dependencies": {
          "Microsoft.AspNetCore.Mvc.Razor.Extensions": "2.2.0",
          "Microsoft.AspNetCore.Mvc.ViewFeatures": "2.2.0",
          "Microsoft.AspNetCore.Razor.Runtime": "2.2.0",
          "Microsoft.CodeAnalysis.CSharp": "2.8.0",
          "Microsoft.CodeAnalysis.Razor": "2.2.0",
          "Microsoft.Extensions.Caching.Memory": "2.2.0",
          "Microsoft.Extensions.FileProviders.Composite": "2.2.0"
        }
      },
      "Microsoft.AspNetCore.Mvc.Razor.Extensions": {
        "type": "Transitive",
        "resolved": "2.2.0",
        "contentHash": "Sei/0moqBDQKaAYT9PtOeRtvYgHQQLyw/jm3exHw2w9VdzejiMEqCQrN2d63Dk4y7IY0Irr/P9JUFkoVURRcNw==",
        "dependencies": {
          "Microsoft.AspNetCore.Razor.Language": "2.2.0",
          "Microsoft.CodeAnalysis.Razor": "2.2.0"
        }
      },
      "Microsoft.AspNetCore.Mvc.ViewFeatures": {
        "type": "Transitive",
        "resolved": "2.2.0",
        "contentHash": "dt7MGkzCFVTAD5oesI8UeVVeiSgaZ0tPdFstQjG6YLJSCiq1koOUSHMpf0PASGdOW/H9hxXkolIBhT5dWqJi7g==",
        "dependencies": {
          "Microsoft.AspNetCore.Antiforgery": "2.2.0",
          "Microsoft.AspNetCore.Diagnostics.Abstractions": "2.2.0",
          "Microsoft.AspNetCore.Html.Abstractions": "2.2.0",
          "Microsoft.AspNetCore.Mvc.Core": "2.2.0",
          "Microsoft.AspNetCore.Mvc.DataAnnotations": "2.2.0",
          "Microsoft.AspNetCore.Mvc.Formatters.Json": "2.2.0",
          "Microsoft.Extensions.WebEncoders": "2.2.0",
          "Newtonsoft.Json.Bson": "1.0.1"
        }
      },
      "Microsoft.AspNetCore.Razor": {
        "type": "Transitive",
        "resolved": "2.2.0",
        "contentHash": "V54PIyDCFl8COnTp9gezNHpUNHk7F9UnerGeZy3UfbnwYvfzbo+ipqQmSgeoESH8e0JvKhRTyQyZquW2EPtCmg==",
        "dependencies": {
          "Microsoft.AspNetCore.Html.Abstractions": "2.2.0"
        }
      },
      "Microsoft.AspNetCore.Razor.Language": {
        "type": "Transitive",
        "resolved": "2.2.0",
        "contentHash": "IeyzVFXZdpUAnWKWoNYE0SsP1Eu7JLjZaC94jaI1VfGtK57QykROz/iGMc8D0VcqC8i02qYTPQN/wPKm6PfidA=="
      },
      "Microsoft.AspNetCore.Razor.Runtime": {
        "type": "Transitive",
        "resolved": "2.2.0",
        "contentHash": "7YqK+H61lN6yj9RiQUko7oaOhKtRR9Q/kBcoWNRemhJdTIWOh1OmdvJKzZrMWOlff3BAjejkPQm+0V0qXk+B1w==",
        "dependencies": {
          "Microsoft.AspNetCore.Html.Abstractions": "2.2.0",
          "Microsoft.AspNetCore.Razor": "2.2.0"
        }
      },
      "Microsoft.AspNetCore.ResponseCaching.Abstractions": {
        "type": "Transitive",
        "resolved": "2.2.0",
        "contentHash": "CIHWEKrHzZfFp7t57UXsueiSA/raku56TgRYauV/W1+KAQq6vevz60zjEKaazt3BI76zwMz3B4jGWnCwd8kwQw==",
        "dependencies": {
          "Microsoft.Extensions.Primitives": "2.2.0"
        }
      },
      "Microsoft.AspNetCore.Routing": {
        "type": "Transitive",
        "resolved": "2.2.0",
        "contentHash": "jAhDBy0wryOnMhhZTtT9z63gJbvCzFuLm8yC6pHzuVu9ZD1dzg0ltxIwT4cfwuNkIL/TixdKsm3vpVOpG8euWQ==",
        "dependencies": {
          "Microsoft.AspNetCore.Http.Extensions": "2.2.0",
          "Microsoft.AspNetCore.Routing.Abstractions": "2.2.0",
          "Microsoft.Extensions.Logging.Abstractions": "2.2.0",
          "Microsoft.Extensions.ObjectPool": "2.2.0",
          "Microsoft.Extensions.Options": "2.2.0"
        }
      },
      "Microsoft.AspNetCore.Routing.Abstractions": {
        "type": "Transitive",
        "resolved": "2.2.0",
        "contentHash": "lRRaPN7jDlUCVCp9i0W+PB0trFaKB0bgMJD7hEJS9Uo4R9MXaMC8X2tJhPLmeVE3SGDdYI4QNKdVmhNvMJGgPQ==",
        "dependencies": {
          "Microsoft.AspNetCore.Http.Abstractions": "2.2.0"
        }
      },
      "Microsoft.AspNetCore.TestHost": {
        "type": "Transitive",
        "resolved": "10.0.5",
        "contentHash": "PJEdrZnnhvxIEXzDdvdZ38GvpdaiUfKkZ99kudS8riJwhowFb/Qh26Wjk9smrCWcYdMFQmpN5epGiL4o1s8LYA=="
      },
      "Microsoft.AspNetCore.WebUtilities": {
        "type": "Transitive",
        "resolved": "2.2.0",
        "contentHash": "9ErxAAKaDzxXASB/b5uLEkLgUWv1QbeVxyJYEHQwMaxXOeFFVkQxiq8RyfVcifLU7NR0QY0p3acqx4ZpYfhHDg==",
        "dependencies": {
          "Microsoft.Net.Http.Headers": "2.2.0"
        }
      },
      "Microsoft.CodeAnalysis.Analyzers": {
        "type": "Transitive",
        "resolved": "1.1.0",
        "contentHash": "HS3iRWZKcUw/8eZ/08GXKY2Bn7xNzQPzf8gRPHGSowX7u7XXu9i9YEaBeBNKUXWfI7qjvT2zXtLUvbN0hds8vg=="
      },
      "Microsoft.CodeAnalysis.Common": {
        "type": "Transitive",
        "resolved": "2.8.0",
        "contentHash": "06AzG7oOLKTCN1EnoVYL1bQz+Zwa10LMpUn7Kc+PdpN8CQXRqXTyhfxuKIz6t0qWfoatBNXdHD0OLcEYp5pOvQ==",
        "dependencies": {
          "Microsoft.CodeAnalysis.Analyzers": "1.1.0"
        }
      },
      "Microsoft.CodeAnalysis.CSharp": {
        "type": "Transitive",
        "resolved": "2.8.0",
        "contentHash": "RizcFXuHgGmeuZhxxE1qQdhFA9lGOHlk0MJlCUt6LOnYsevo72gNikPcbANFHY02YK8L/buNrihchY0TroGvXQ==",
        "dependencies": {
          "Microsoft.CodeAnalysis.Common": "[2.8.0]"
        }
      },
      "Microsoft.CodeAnalysis.Razor": {
        "type": "Transitive",
        "resolved": "2.2.0",
        "contentHash": "2qL0Qyu5qHzg6/JzF80mLgsqn9NP/Q0mQwjH+Z+DiqcuODJx8segjN4un2Tnz6bEAWv8FCRFNXR/s5wzlxqA8A==",
        "dependencies": {
          "Microsoft.AspNetCore.Razor.Language": "2.2.0",
          "Microsoft.CodeAnalysis.CSharp": "2.8.0",
          "Microsoft.CodeAnalysis.Common": "2.8.0"
        }
      },
      "Microsoft.CodeCoverage": {
        "type": "Transitive",
        "resolved": "18.3.0",
        "contentHash": "23BNy/vziREC20Wwhb50K7+kZe0m07KlLWDQv4qjJ9tt3QjpDpDIqJFrhYHmMEo9xDkuSp55U/8h4bMF7MiB+g=="
      },
      "Microsoft.Extensions.Caching.Abstractions": {
        "type": "Transitive",
        "resolved": "2.2.0",
        "contentHash": "spsJkYo8gGJapaxTSQFN/wqA+ghpJMLwB4ZyTB+fSdpd7AmMFP/YSpIcGmczcw4KggpxLGhLk7lCkSIlgvHaqQ==",
        "dependencies": {
          "Microsoft.Extensions.Primitives": "2.2.0"
        }
      },
      "Microsoft.Extensions.Caching.Memory": {
        "type": "Transitive",
        "resolved": "2.2.0",
        "contentHash": "yFs44RzB2Pzfoj4uk+mEz3MTTQKyeWb8gDhv5GyVPfHnLv0eQhGwzbw/5WpxAcVyOgG/H3/0ULY6g0/7/B+r7w==",
        "dependencies": {
          "Microsoft.Extensions.Caching.Abstractions": "2.2.0",
          "Microsoft.Extensions.DependencyInjection.Abstractions": "2.2.0",
          "Microsoft.Extensions.Options": "2.2.0"
        }
      },
      "Microsoft.Extensions.Configuration": {
        "type": "Transitive",
        "resolved": "10.0.5",
        "contentHash": "8Rx5sqg04FttxrumyG6bmoRuFRgYzK6IVwF1i0/o0cXfKBdDeVpJejKHtJCMjyg9E/DNMVqpqOGe/tCT5gYvVA==",
        "dependencies": {
          "Microsoft.Extensions.Configuration.Abstractions": "10.0.5",
          "Microsoft.Extensions.Primitives": "10.0.5"
        }
      },
      "Microsoft.Extensions.Configuration.Abstractions": {
        "type": "Transitive",
        "resolved": "10.0.5",
        "contentHash": "P09QpTHjqHmCLQOTC+WyLkoRNxek4NIvfWt+TnU0etoDUSRxcltyd6+j/ouRbMdLR0j44GqGO+lhI2M4fAHG4g==",
        "dependencies": {
          "Microsoft.Extensions.Primitives": "10.0.5"
        }
      },
      "Microsoft.Extensions.Configuration.Binder": {
        "type": "Transitive",
        "resolved": "10.0.5",
        "contentHash": "99Z4rjyXopb1MIazDSPcvwYCUdYNO01Cf1GUs2WUjIFAbkGmwzj2vPa2k+3pheJRV+YgNd2QqRKHAri0oBAU4Q==",
        "dependencies": {
          "Microsoft.Extensions.Configuration": "10.0.5",
          "Microsoft.Extensions.Configuration.Abstractions": "10.0.5"
        }
      },
      "Microsoft.Extensions.Configuration.CommandLine": {
        "type": "Transitive",
        "resolved": "10.0.5",
        "contentHash": "or9fOLopMUTJOQVJ3bou4aD6PwvsiKf4kZC4EE5sRRKSkmh+wfk/LekJXRjAX88X+1JA9zHjDo+5fiQ7z3MY/A==",
        "dependencies": {
          "Microsoft.Extensions.Configuration": "10.0.5",
          "Microsoft.Extensions.Configuration.Abstractions": "10.0.5"
        }
      },
      "Microsoft.Extensions.Configuration.EnvironmentVariables": {
        "type": "Transitive",
        "resolved": "10.0.5",
        "contentHash": "tchMGQ+zVTO40np/Zzg2Li/TIR8bksQgg4UVXZa0OzeFCKWnIYtxE2FVs+eSmjPGCjMS2voZbwN/mUcYfpSTuA==",
        "dependencies": {
          "Microsoft.Extensions.Configuration": "10.0.5",
          "Microsoft.Extensions.Configuration.Abstractions": "10.0.5"
        }
      },
      "Microsoft.Extensions.Configuration.FileExtensions": {
        "type": "Transitive",
        "resolved": "10.0.5",
        "contentHash": "OhTr0O79dP49734lLTqVveivVX9sDXxbI/8vjELAZTHXqoN90mdpgTAgwicJED42iaHMCcZcK6Bj+8wNyBikaw==",
        "dependencies": {
          "Microsoft.Extensions.Configuration": "10.0.5",
          "Microsoft.Extensions.Configuration.Abstractions": "10.0.5",
          "Microsoft.Extensions.FileProviders.Abstractions": "10.0.5",
          "Microsoft.Extensions.FileProviders.Physical": "10.0.5",
          "Microsoft.Extensions.Primitives": "10.0.5"
        }
      },
      "Microsoft.Extensions.Configuration.Json": {
        "type": "Transitive",
        "resolved": "10.0.5",
        "contentHash": "brBM/WP0YAUYh2+QqSYVdK8eQHYQTtTEUJXJ+84Zkdo2buGLja9VSrMIhgoeBUU7JBmcskAib8Lb/N83bvxgYQ==",
        "dependencies": {
          "Microsoft.Extensions.Configuration": "10.0.5",
          "Microsoft.Extensions.Configuration.Abstractions": "10.0.5",
          "Microsoft.Extensions.Configuration.FileExtensions": "10.0.5",
          "Microsoft.Extensions.FileProviders.Abstractions": "10.0.5"
        }
      },
      "Microsoft.Extensions.Configuration.UserSecrets": {
        "type": "Transitive",
        "resolved": "10.0.5",
        "contentHash": "fhdG6UV9lIp70QhNkVyaHciUVq25IPFkczheVJL9bIFvmnJ+Zghaie6dWkDbbVmxZlHl9gj3zTDxMxJs5zNhIA==",
        "dependencies": {
          "Microsoft.Extensions.Configuration.Abstractions": "10.0.5",
          "Microsoft.Extensions.Configuration.Json": "10.0.5",
          "Microsoft.Extensions.FileProviders.Abstractions": "10.0.5",
          "Microsoft.Extensions.FileProviders.Physical": "10.0.5"
        }
      },
      "Microsoft.Extensions.DependencyInjection": {
        "type": "Transitive",
        "resolved": "10.0.5",
        "contentHash": "v1SVsowG6YE1YnHVGmLWz57YTRCQRx9pH5ebIESXfm5isI9gA3QaMyg/oMTzPpXYZwSAVDzYItGJKfmV+pqXkQ==",
        "dependencies": {
          "Microsoft.Extensions.DependencyInjection.Abstractions": "10.0.5"
        }
      },
      "Microsoft.Extensions.DependencyInjection.Abstractions": {
        "type": "Transitive",
        "resolved": "10.0.5",
        "contentHash": "iVMtq9eRvzyhx8949EGT0OCYJfXi737SbRVzWXE5GrOgGj5AaZ9eUuxA/BSUfmOMALKn/g8KfFaNQw0eiB3lyA=="
      },
      "Microsoft.Extensions.DependencyModel": {
        "type": "Transitive",
        "resolved": "10.0.5",
        "contentHash": "xA4kkL+QS6KCAOKz/O0oquHs44Ob8J7zpBCNt3wjkBWDg5aCqfwG8rWWLsg5V86AM0sB849g9JjPjIdksTCIKg=="
      },
      "Microsoft.Extensions.Diagnostics": {
        "type": "Transitive",
        "resolved": "10.0.5",
        "contentHash": "vAJHd4yOpmKoK+jBuYV7a3y+Ab9U4ARCc29b6qvMy276RgJFw9LFs0DdsPqOL3ahwzyrX7tM+i4cCxU/RX0qAg==",
        "dependencies": {
          "Microsoft.Extensions.Configuration": "10.0.5",
          "Microsoft.Extensions.Diagnostics.Abstractions": "10.0.5",
          "Microsoft.Extensions.Options.ConfigurationExtensions": "10.0.5"
        }
      },
      "Microsoft.Extensions.Diagnostics.Abstractions": {
        "type": "Transitive",
        "resolved": "10.0.5",
        "contentHash": "/nYGrpa9/0BZofrVpBbbj+Ns8ZesiPE0V/KxsuHgDgHQopIzN54nRaQGSuvPw16/kI9sW1Zox5yyAPqvf0Jz6A==",
        "dependencies": {
          "Microsoft.Extensions.DependencyInjection.Abstractions": "10.0.5",
          "Microsoft.Extensions.Options": "10.0.5"
        }
      },
      "Microsoft.Extensions.FileProviders.Abstractions": {
        "type": "Transitive",
        "resolved": "10.0.5",
        "contentHash": "nCBmCx0Xemlu65ZiWMcXbvfvtznKxf4/YYKF9R28QkqdI9lTikedGqzJ28/xmdGGsxUnsP5/3TQGpiPwVjK0dA==",
        "dependencies": {
          "Microsoft.Extensions.Primitives": "10.0.5"
        }
      },
      "Microsoft.Extensions.FileProviders.Composite": {
        "type": "Transitive",
        "resolved": "2.2.0",
        "contentHash": "Az/RxWB+UlyVN/TvQFaGXx8XAXVZN5WQnnuJOsjwBzghSJc1i8zqNjIypPHOedcuIXs2XSWgOSL6YQ3BlCnoJA==",
        "dependencies": {
          "Microsoft.Extensions.FileProviders.Abstractions": "2.2.0"
        }
      },
      "Microsoft.Extensions.FileProviders.Embedded": {
        "type": "Transitive",
        "resolved": "8.0.25",
        "contentHash": "LBlxUQTtVrAH7gcUyEpqHwQ0ASx2/rbNIht/DWj+ofux4UH7PMUjyPodx1pGlb+Zdi03ItUZQFT8mRzi0Tiewg==",
        "dependencies": {
          "Microsoft.Extensions.FileProviders.Abstractions": "8.0.0"
        }
      },
      "Microsoft.Extensions.FileProviders.Physical": {
        "type": "Transitive",
        "resolved": "10.0.5",
        "contentHash": "dMu5kUPSfol1Rqhmr6nWPSmbFjDe9w6bkoKithG17bWTZA0UyKirTatM5mqYUN3mGpNA0MorlusIoVTh6J7o5g==",
        "dependencies": {
          "Microsoft.Extensions.FileProviders.Abstractions": "10.0.5",
          "Microsoft.Extensions.FileSystemGlobbing": "10.0.5",
          "Microsoft.Extensions.Primitives": "10.0.5"
        }
      },
      "Microsoft.Extensions.FileSystemGlobbing": {
        "type": "Transitive",
        "resolved": "10.0.5",
        "contentHash": "mOE3ARusNQR0a5x8YOcnUbfyyXGqoAWQtEc7qFOfNJgruDWQLo39Re+3/Lzj5pLPFuFYj8hN4dgKzaSQDKiOCw=="
      },
      "Microsoft.Extensions.Hosting": {
        "type": "Transitive",
        "resolved": "10.0.5",
        "contentHash": "8i7e5IBdiKLNqt/+ciWrS8U95Rv5DClaaj7ulkZbimnCi4uREWd+lXzkp3joofFuIPOlAzV4AckxLTIELv2jdg==",
        "dependencies": {
          "Microsoft.Extensions.Configuration": "10.0.5",
          "Microsoft.Extensions.Configuration.Abstractions": "10.0.5",
          "Microsoft.Extensions.Configuration.Binder": "10.0.5",
          "Microsoft.Extensions.Configuration.CommandLine": "10.0.5",
          "Microsoft.Extensions.Configuration.EnvironmentVariables": "10.0.5",
          "Microsoft.Extensions.Configuration.FileExtensions": "10.0.5",
          "Microsoft.Extensions.Configuration.Json": "10.0.5",
          "Microsoft.Extensions.Configuration.UserSecrets": "10.0.5",
          "Microsoft.Extensions.DependencyInjection": "10.0.5",
          "Microsoft.Extensions.DependencyInjection.Abstractions": "10.0.5",
          "Microsoft.Extensions.Diagnostics": "10.0.5",
          "Microsoft.Extensions.FileProviders.Abstractions": "10.0.5",
          "Microsoft.Extensions.FileProviders.Physical": "10.0.5",
          "Microsoft.Extensions.Hosting.Abstractions": "10.0.5",
          "Microsoft.Extensions.Logging": "10.0.5",
          "Microsoft.Extensions.Logging.Abstractions": "10.0.5",
          "Microsoft.Extensions.Logging.Configuration": "10.0.5",
          "Microsoft.Extensions.Logging.Console": "10.0.5",
          "Microsoft.Extensions.Logging.Debug": "10.0.5",
          "Microsoft.Extensions.Logging.EventLog": "10.0.5",
          "Microsoft.Extensions.Logging.EventSource": "10.0.5",
          "Microsoft.Extensions.Options": "10.0.5"
        }
      },
      "Microsoft.Extensions.Hosting.Abstractions": {
        "type": "Transitive",
        "resolved": "10.0.5",
        "contentHash": "+Wb7KAMVZTomwJkQrjuPTe5KBzGod7N8XeG+ScxRlkPOB4sZLG4ccVwjV4Phk5BCJt7uIMnGHVoN6ZMVploX+g==",
        "dependencies": {
          "Microsoft.Extensions.Configuration.Abstractions": "10.0.5",
          "Microsoft.Extensions.DependencyInjection.Abstractions": "10.0.5",
          "Microsoft.Extensions.Diagnostics.Abstractions": "10.0.5",
          "Microsoft.Extensions.FileProviders.Abstractions": "10.0.5",
          "Microsoft.Extensions.Logging.Abstractions": "10.0.5"
        }
      },
      "Microsoft.Extensions.Http": {
        "type": "Transitive",
        "resolved": "6.0.0",
        "contentHash": "15+pa2G0bAMHbHewaQIdr/y6ag2H3yh4rd9hTXavtWDzQBkvpe2RMqFg8BxDpcQWssmjmBApGPcw93QRz6YcMg==",
        "dependencies": {
          "Microsoft.Extensions.DependencyInjection.Abstractions": "6.0.0",
          "Microsoft.Extensions.Logging": "6.0.0",
          "Microsoft.Extensions.Logging.Abstractions": "6.0.0",
          "Microsoft.Extensions.Options": "6.0.0"
        }
      },
      "Microsoft.Extensions.Localization": {
        "type": "Transitive",
        "resolved": "2.2.0",
        "contentHash": "3nBQLeBrcd4Rgd9vQi4gF5NgAWxnQrHekjjwlgww4wyLNfJDizjiex2resOLoAuAgy3y2IIAWjOpbr0UKR2ykw==",
        "dependencies": {
          "Microsoft.Extensions.DependencyInjection.Abstractions": "2.2.0",
          "Microsoft.Extensions.Localization.Abstractions": "2.2.0",
          "Microsoft.Extensions.Logging.Abstractions": "2.2.0",
          "Microsoft.Extensions.Options": "2.2.0"
        }
      },
      "Microsoft.Extensions.Localization.Abstractions": {
        "type": "Transitive",
        "resolved": "2.2.0",
        "contentHash": "FQzXG/lYR9UOM2zHpqsjTRpp3EghIYo3FCsQpfmtbp+glPaU0WXZfNmMjyqBRmMj1Sq93fPnC+G9zzYRauuRQA=="
      },
      "Microsoft.Extensions.Logging": {
        "type": "Transitive",
        "resolved": "10.0.5",
        "contentHash": "+XTMKQyDWg4ODoNHU/BN3BaI1jhGO7VCS+BnzT/4IauiG6y2iPAte7MyD7rHKS+hNP0TkFkjrae8DFjDUxtcxg==",
        "dependencies": {
          "Microsoft.Extensions.DependencyInjection": "10.0.5",
          "Microsoft.Extensions.Logging.Abstractions": "10.0.5",
          "Microsoft.Extensions.Options": "10.0.5"
        }
      },
      "Microsoft.Extensions.Logging.Abstractions": {
        "type": "Transitive",
        "resolved": "10.0.5",
        "contentHash": "9HOdqlDtPptVcmKAjsQ/Nr5Rxfq6FMYLdhvZh1lVmeKR738qeYecQD7+ldooXf+u2KzzR1kafSphWngIM3C6ug==",
        "dependencies": {
          "Microsoft.Extensions.DependencyInjection.Abstractions": "10.0.5"
        }
      },
      "Microsoft.Extensions.Logging.Configuration": {
        "type": "Transitive",
        "resolved": "10.0.5",
        "contentHash": "cSgxsDgfP0+gmVRPVoNHI/KIDavIZxh+CxE6tSLPlYTogqccDnjBFI9CgEsiNuMP6+fiuXUwhhlTz36uUEpwbQ==",
        "dependencies": {
          "Microsoft.Extensions.Configuration": "10.0.5",
          "Microsoft.Extensions.Configuration.Abstractions": "10.0.5",
          "Microsoft.Extensions.Configuration.Binder": "10.0.5",
          "Microsoft.Extensions.DependencyInjection.Abstractions": "10.0.5",
          "Microsoft.Extensions.Logging": "10.0.5",
          "Microsoft.Extensions.Logging.Abstractions": "10.0.5",
          "Microsoft.Extensions.Options": "10.0.5",
          "Microsoft.Extensions.Options.ConfigurationExtensions": "10.0.5"
        }
      },
      "Microsoft.Extensions.Logging.Console": {
        "type": "Transitive",
        "resolved": "10.0.5",
        "contentHash": "PMs2gha2v24hvH5o5KQem5aNK4mN0BhhCWlMqsg9tzifWKzjeQi2tyPOP/RaWMVvalOhVLcrmoMYPqbnia/epg==",
        "dependencies": {
          "Microsoft.Extensions.DependencyInjection.Abstractions": "10.0.5",
          "Microsoft.Extensions.Logging": "10.0.5",
          "Microsoft.Extensions.Logging.Abstractions": "10.0.5",
          "Microsoft.Extensions.Logging.Configuration": "10.0.5",
          "Microsoft.Extensions.Options": "10.0.5"
        }
      },
      "Microsoft.Extensions.Logging.Debug": {
        "type": "Transitive",
        "resolved": "10.0.5",
        "contentHash": "/VacEkBQ02A8PBXSa6YpbIXCuisYy6JJr62/+ANJDZE+RMBfZMcXJXLfr/LpyLE6pgdp17Wxlt7e7R9zvkwZ3Q==",
        "dependencies": {
          "Microsoft.Extensions.DependencyInjection.Abstractions": "10.0.5",
          "Microsoft.Extensions.Logging": "10.0.5",
          "Microsoft.Extensions.Logging.Abstractions": "10.0.5"
        }
      },
      "Microsoft.Extensions.Logging.EventLog": {
        "type": "Transitive",
        "resolved": "10.0.5",
        "contentHash": "0ezhWYJS4/6KrqQel9JL+Tr4n+4EX2TF5EYiaysBWNNEM2c3Gtj1moD39esfgk8OHblSX+UFjtZ3z0c4i9tRvw==",
        "dependencies": {
          "Microsoft.Extensions.DependencyInjection.Abstractions": "10.0.5",
          "Microsoft.Extensions.Logging": "10.0.5",
          "Microsoft.Extensions.Logging.Abstractions": "10.0.5",
          "Microsoft.Extensions.Options": "10.0.5",
          "System.Diagnostics.EventLog": "10.0.5"
        }
      },
      "Microsoft.Extensions.Logging.EventSource": {
        "type": "Transitive",
        "resolved": "10.0.5",
        "contentHash": "vN+aq1hBFXyYvY5Ow9WyeR66drKQxRZmas4lAjh6QWfryPkjTn1uLtX5AFIxyDaZj78v5TG2sELUyvrXpAPQQw==",
        "dependencies": {
          "Microsoft.Extensions.DependencyInjection.Abstractions": "10.0.5",
          "Microsoft.Extensions.Logging": "10.0.5",
          "Microsoft.Extensions.Logging.Abstractions": "10.0.5",
          "Microsoft.Extensions.Options": "10.0.5",
          "Microsoft.Extensions.Primitives": "10.0.5"
        }
      },
      "Microsoft.Extensions.ObjectPool": {
        "type": "Transitive",
        "resolved": "2.2.0",
        "contentHash": "gA8H7uQOnM5gb+L0uTNjViHYr+hRDqCdfugheGo/MxQnuHzmhhzCBTIPm19qL1z1Xe0NEMabfcOBGv9QghlZ8g=="
      },
      "Microsoft.Extensions.Options": {
        "type": "Transitive",
        "resolved": "10.0.5",
        "contentHash": "MDaQMdUplw0AIRhWWmbLA7yQEXaLIHb+9CTroTiNS8OlI0LMXS4LCxtopqauiqGCWlRgJ+xyraVD8t6veRAFbw==",
        "dependencies": {
          "Microsoft.Extensions.DependencyInjection.Abstractions": "10.0.5",
          "Microsoft.Extensions.Primitives": "10.0.5"
        }
      },
      "Microsoft.Extensions.Options.ConfigurationExtensions": {
        "type": "Transitive",
        "resolved": "10.0.5",
        "contentHash": "BB9uUW3+6Rxu1R97OB1H/13lUF8P2+H1+eDhpZlK30kDh/6E4EKHBUqTp+ilXQmZLzsRErxON8aBSR6WpUKJdg==",
        "dependencies": {
          "Microsoft.Extensions.Configuration.Abstractions": "10.0.5",
          "Microsoft.Extensions.Configuration.Binder": "10.0.5",
          "Microsoft.Extensions.DependencyInjection.Abstractions": "10.0.5",
          "Microsoft.Extensions.Options": "10.0.5",
          "Microsoft.Extensions.Primitives": "10.0.5"
        }
      },
      "Microsoft.Extensions.Primitives": {
        "type": "Transitive",
        "resolved": "10.0.5",
        "contentHash": "/HUHJ0tw/LQvD0DZrz50eQy/3z7PfX7WWEaXnjKTV9/TNdcgFlNTZGo49QhS7PTmhDqMyHRMqAXSBxLh0vso4g=="
      },
      "Microsoft.Extensions.WebEncoders": {
        "type": "Transitive",
        "resolved": "2.2.0",
        "contentHash": "V8XcqYcpcdBAxUhLeyYcuKmxu4CtNQA9IphTnARpQGhkop4A93v2XgM3AtaVVJo3H2cDWxWM6aeO8HxkifREqw==",
        "dependencies": {
          "Microsoft.Extensions.DependencyInjection.Abstractions": "2.2.0",
          "Microsoft.Extensions.Options": "2.2.0"
        }
      },
      "Microsoft.Net.Http.Headers": {
        "type": "Transitive",
        "resolved": "2.2.0",
        "contentHash": "iZNkjYqlo8sIOI0bQfpsSoMTmB/kyvmV2h225ihyZT33aTp48ZpF6qYnXxzSXmHt8DpBAwBTX+1s1UFLbYfZKg==",
        "dependencies": {
          "Microsoft.Extensions.Primitives": "2.2.0"
        }
      },
      "Microsoft.NETCore.Platforms": {
        "type": "Transitive",
        "resolved": "1.1.0",
        "contentHash": "kz0PEW2lhqygehI/d6XsPCQzD7ff7gUJaVGPVETX611eadGsA3A877GdSlU0LRVMCTH/+P3o2iDTak+S08V2+A=="
      },
      "Microsoft.TestPlatform.ObjectModel": {
        "type": "Transitive",
        "resolved": "18.3.0",
        "contentHash": "AEIEX2aWdPO9XbtR96eBaJxmXRD9vaI9uQ1T/JbPEKlTAZwYx0ZrMzKyULMdh/HH9Sg03kXCoN7LszQ90o6nPQ=="
      },
      "Microsoft.TestPlatform.TestHost": {
        "type": "Transitive",
        "resolved": "18.3.0",
        "contentHash": "twmsoelXnp1uWMU3VGip9f0Jr1mZ0PZqgJdF35CIrdYgYrkHIJMV1m8uKyhcdjLdsQDESHAgkR7KhS9i1qpJag==",
        "dependencies": {
          "Microsoft.TestPlatform.ObjectModel": "18.3.0",
          "Newtonsoft.Json": "13.0.3"
        }
      },
      "NETStandard.Library": {
        "type": "Transitive",
        "resolved": "1.6.1",
        "contentHash": "WcSp3+vP+yHNgS8EV5J7pZ9IRpeDuARBPN28by8zqff1wJQXm26PVU8L3/fYLBJVU7BtDyqNVWq2KlCVvSSR4A==",
        "dependencies": {
          "Microsoft.NETCore.Platforms": "1.1.0"
        }
      },
      "Newtonsoft.Json": {
        "type": "Transitive",
        "resolved": "13.0.3",
        "contentHash": "HrC5BXdl00IP9zeV+0Z848QWPAoCr9P3bDEZguI+gkLcBKAOxix/tLEAAHC+UvDNPv4a2d18lOReHMOagPa+zQ=="
      },
      "Newtonsoft.Json.Bson": {
        "type": "Transitive",
        "resolved": "1.0.1",
        "contentHash": "5PYT/IqQ+UK31AmZiSS102R6EsTo+LGTSI8bp7WAUqDKaF4wHXD8U9u4WxTI1vc64tYi++8p3dk3WWNqPFgldw==",
        "dependencies": {
          "NETStandard.Library": "1.6.1",
          "Newtonsoft.Json": "10.0.1"
        }
      },
      "System.ComponentModel.Annotations": {
        "type": "Transitive",
        "resolved": "4.5.0",
        "contentHash": "UxYQ3FGUOtzJ7LfSdnYSFd7+oEv6M8NgUatatIN2HxNtDdlcvFAf+VIq4Of9cDMJEJC0aSRv/x898RYhB4Yppg=="
      },
      "System.Diagnostics.EventLog": {
        "type": "Transitive",
        "resolved": "10.0.5",
        "contentHash": "wugvy+pBVzjQEnRs9wMTWwoaeNFX3hsaHeVHFDIvJSWXp7wfmNWu3mxAwBIE6pyW+g6+rHa1Of5fTzb0QVqUTA=="
      },
      "System.Security.Cryptography.Pkcs": {
        "type": "Transitive",
        "resolved": "4.5.0",
        "contentHash": "TGQX51gxpY3K3I6LJlE2LAftVlIMqJf0cBGhz68Y89jjk3LJCB6SrwiD+YN1fkqemBvWGs+GjyMJukl6d6goyQ=="
      },
      "System.Security.Cryptography.Xml": {
        "type": "Transitive",
        "resolved": "4.5.0",
        "contentHash": "i2Jn6rGXR63J0zIklImGRkDIJL4b1NfPSEbIVHBlqoIb12lfXIigCbDRpDmIEzwSo/v1U5y/rYJdzZYSyCWxvg==",
        "dependencies": {
          "System.Security.Cryptography.Pkcs": "4.5.0",
          "System.Security.Permissions": "4.5.0"
        }
      },
      "System.Security.Permissions": {
        "type": "Transitive",
        "resolved": "4.5.0",
        "contentHash": "9gdyuARhUR7H+p5CjyUB/zPk7/Xut3wUSP8NJQB6iZr8L3XUXTMdoLeVAg9N4rqF8oIpE7MpdqHdDHQ7XgJe0g=="
      },
      "xunit.abstractions": {
        "type": "Transitive",
        "resolved": "2.0.3",
        "contentHash": "pot1I4YOxlWjIb5jmwvvQNbTrZ3lJQ+jUGkGjWE3hEFM0l5gOnBWS+H3qsex68s5cO52g+44vpGzhAt+42vwKg=="
      },
      "xunit.analyzers": {
        "type": "Transitive",
        "resolved": "1.18.0",
        "contentHash": "OtFMHN8yqIcYP9wcVIgJrq01AfTxijjAqVDy/WeQVSyrDC1RzBWeQPztL49DN2syXRah8TYnfvk035s7L95EZQ=="
      },
      "xunit.assert": {
        "type": "Transitive",
        "resolved": "2.9.3",
        "contentHash": "/Kq28fCE7MjOV42YLVRAJzRF0WmEqsmflm0cfpMjGtzQ2lR5mYVj1/i0Y8uDAOLczkL3/jArrwehfMD0YogMAA=="
      },
      "xunit.core": {
        "type": "Transitive",
        "resolved": "2.9.3",
        "contentHash": "BiAEvqGvyme19wE0wTKdADH+NloYqikiU0mcnmiNyXaF9HyHmE6sr/3DC5vnBkgsWaE6yPyWszKSPSApWdRVeQ==",
        "dependencies": {
          "xunit.extensibility.core": "[2.9.3]",
          "xunit.extensibility.execution": "[2.9.3]"
        }
      },
      "xunit.extensibility.core": {
        "type": "Transitive",
        "resolved": "2.9.3",
        "contentHash": "kf3si0YTn2a8J8eZNb+zFpwfoyvIrQ7ivNk5ZYA5yuYk1bEtMe4DxJ2CF/qsRgmEnDr7MnW1mxylBaHTZ4qErA==",
        "dependencies": {
          "xunit.abstractions": "2.0.3"
        }
      },
      "xunit.extensibility.execution": {
        "type": "Transitive",
        "resolved": "2.9.3",
        "contentHash": "yMb6vMESlSrE3Wfj7V6cjQ3S4TXdXpRqYeNEI3zsX31uTsGMJjEw6oD5F5u1cHnMptjhEECnmZSsPxB6ChZHDQ==",
        "dependencies": {
          "xunit.extensibility.core": "[2.9.3]"
        }
      },
      "accessingchildcareentitlementchecker.web": {
        "type": "Project",
        "dependencies": {
          "GovUk.Frontend.AspNetCore": "[4.0.1, )",
          "contentful.aspnetcore": "[8.6.1, )"
        }
      }
    }
  }
}